hash: 094758a25b024b8c74a5a36213bdb5a784d7671ab9ab6ad00754c70cef106811
updated: 2018-01-28T13:04:12.899451+01:00
imports:
- name: github.com/aristanetworks/goarista
  version: 8ab803d6502ea1e05a8c9b73193b405291efb7ce
  subpackages:
  - monotime
- name: github.com/btcsuite/btcd
  version: c7588cbf7690cd9f047a28efa2dcd8f2435a4e5e
  subpackages:
  - btcec
- name: github.com/cosmos/tendereum
  version: 3e66a35b33a049804726d286a38898e7e04c1de7
  subpackages:
  - app
  - cmd/full-tendereum/commands
  - version
- name: github.com/ebuchman/fail-test
  version: 95f809107225be108efcf10a3509e4ea6ceef3c4
- name: github.com/edsrzf/mmap-go
  version: 0bce6a6887123b67a60366d2c9fe2dfb74289d2e
- name: github.com/ethereum/go-ethereum
  version: 1db4ecdc0b9e828ff65777fb466fc7c1d04e0de9
  subpackages:
  - common
  - common/bitutil
  - common/hexutil
  - common/math
  - common/mclock
  - consensus
  - consensus/ethash
  - consensus/misc
  - core
  - core/state
  - core/types
  - core/vm
  - crypto
  - crypto/bn256
  - crypto/secp256k1
  - crypto/sha3
  - ethdb
  - event
  - log
  - metrics
  - params
  - rlp
  - rpc
  - trie
- name: github.com/ethereumproject/go-ethereum
  version: 982743ea290ce0b9f30fb419a200f0e9ea6ca342
  subpackages:
  - common
- name: github.com/ethereumproject/sputnikvm-ffi
  version: a6c914124a94151706443826c8124896ab1473bc
  subpackages:
  - go/sputnikvm
- name: github.com/fsnotify/fsnotify
  version: 4da3e2cfbabc9f751898f250b49f2439785783a1
- name: github.com/go-kit/kit
  version: e2b298466b32c7cd5579a9b9b07e968fc9d9452c
  subpackages:
  - log
  - log/level
  - log/term
- name: github.com/go-logfmt/logfmt
  version: 390ab7935ee28ec6b286364bba9b4dd6410cb3d5
- name: github.com/go-playground/locales
  version: e4cbcb5d0652150d40ad0646651076b6bd2be4f6
  subpackages:
  - currency
- name: github.com/go-playground/universal-translator
  version: 71201497bace774495daed26a3874fd339e0b538
- name: github.com/go-stack/stack
  version: 817915b46b97fd7bb80e8ab6b69f01a53ac3eebf
- name: github.com/golang/protobuf
  version: 1643683e1b54a9e88ad26d98f81400c8c9d9f4f9
  subpackages:
  - proto
  - ptypes
  - ptypes/any
  - ptypes/duration
  - ptypes/timestamp
- name: github.com/golang/snappy
  version: 553a641470496b2327abcac10b36396bd98e45c9
- name: github.com/gorilla/websocket
  version: ea4d1f681babbce9545c9c5f3d5194a789c89f5b
- name: github.com/hashicorp/golang-lru
  version: 0a025b7e63adc15a622f29b0b2c4c3848243bbf6
  subpackages:
  - simplelru
- name: github.com/hashicorp/hcl
  version: 23c074d0eceb2b8a5bfdbb271ab780cde70f05a8
  subpackages:
  - hcl/ast
  - hcl/parser
  - hcl/scanner
  - hcl/strconv
  - hcl/token
  - json/parser
  - json/scanner
  - json/token
- name: github.com/inconshreveable/mousetrap
  version: 76626ae9c91c4f2a10f34cad8ce83ea42c93bb75
- name: github.com/jmhodges/levigo
  version: c42d9e0ca023e2198120196f842701bb4c55d7b9
- name: github.com/kr/logfmt
  version: b84e30acd515aadc4b783ad4ff83aff3299bdfe0
- name: github.com/magiconair/properties
  version: 8d7837e64d3c1ee4e54a880c5a920ab4316fc90a
- name: github.com/mitchellh/mapstructure
  version: 06020f85339e21b2478f756a78e295255ffa4d6a
- name: github.com/pelletier/go-toml
  version: 4e9e0ee19b60b13eb79915933f44d8ed5f268bdd
- name: github.com/pkg/errors
  version: 645ef00459ed84a119197bfb8d8205042c6df63d
- name: github.com/rcrowley/go-metrics
  version: 1f30fe9094a513ce4c700b9a54458bbb0c96996c
  subpackages:
  - exp
- name: github.com/rs/cors
  version: 8dd4211afb5d08dbb39a533b9bb9e4b486351df6
- name: github.com/spf13/afero
  version: 5660eeed305fe5f69c8fc6cf899132a459a97064
  subpackages:
  - mem
- name: github.com/spf13/cast
  version: acbeb36b902d72a7a4c18e8f3241075e7ab763e4
- name: github.com/spf13/cobra
  version: 7b2c5ac9fc04fc5efafb60700713d4fa609b777b
- name: github.com/spf13/jwalterweatherman
  version: 12bd96e66386c1960ab0f74ced1362f66f552f7b
- name: github.com/spf13/pflag
  version: 97afa5e7ca8a08a383cb259e06636b5e2cc7897f
- name: github.com/spf13/viper
  version: 25b30aa063fc18e48662b86996252eabdcf2f0c7
- name: github.com/syndtr/goleveldb
  version: b89cc31ef7977104127d34c1bd31ebd1a9db2199
  subpackages:
  - leveldb
  - leveldb/cache
  - leveldb/comparer
  - leveldb/errors
  - leveldb/filter
  - leveldb/iterator
  - leveldb/journal
  - leveldb/memdb
  - leveldb/opt
  - leveldb/storage
  - leveldb/table
  - leveldb/util
- name: github.com/tendermint/abci
  version: dc33aad9b4e514a2322725ef68f27f72d955c537
  subpackages:
  - client
  - example/dummy
  - server
  - types
- name: github.com/tendermint/ed25519
  version: d8387025d2b9d158cf4efb07e7ebf814bcce2057
  subpackages:
  - edwards25519
  - extra25519
- name: github.com/tendermint/go-crypto
  version: 67a47e6a0bf474a76f6a8f09b39cfdf382f39b90
- name: github.com/tendermint/go-wire
  version: 27be46e25124ddf775e23317a83647ce62a93f6b
  subpackages:
  - data
  - data/base58
- name: github.com/tendermint/iavl
  version: 595f3dcd5b6cd4a292e90757ae6d367fd7a6e653
- name: github.com/tendermint/tendermint
  version: e236302256b8b0b75441e8e44c6d0d3f5b5152c6
  subpackages:
  - blockchain
  - cmd/tendermint/commands
  - config
  - consensus
  - consensus/types
  - mempool
  - node
  - p2p
  - p2p/upnp
  - proxy
  - rpc/core
  - rpc/core/types
  - rpc/grpc
  - rpc/lib
  - rpc/lib/server
  - rpc/lib/types
  - state
  - state/txindex
  - state/txindex/kv
  - state/txindex/null
  - types
  - version
- name: github.com/tendermint/tmlibs
  version: d9525c0fb671204450b160807480e1263053fb20
  subpackages:
  - autofile
  - cli
  - cli/flags
  - clist
  - common
  - db
  - events
  - flowrate
  - log
  - merkle
- name: golang.org/x/crypto
  version: edd5e9b0879d13ee6970a50153d85b8fec9f7686
  subpackages:
  - curve25519
  - nacl/box
  - nacl/secretbox
  - openpgp/armor
  - openpgp/errors
  - poly1305
  - ripemd160
  - salsa20/salsa
- name: golang.org/x/net
  version: 4b14673ba32bee7f5ac0f990a48f033919fd418b
  subpackages:
  - context
  - http2
  - http2/hpack
  - idna
  - internal/timeseries
  - lex/httplex
  - trace
  - websocket
- name: golang.org/x/sys
  version: 176de7413414c01569163271c745672ff04a7267
  subpackages:
  - unix
- name: golang.org/x/text
  version: 6eab0e8f74e86c598ec3b6fad4888e0c11482d48
  subpackages:
  - secure/bidirule
  - transform
  - unicode/bidi
  - unicode/norm
- name: google.golang.org/genproto
  version: f676e0f3ac6395ff1a529ae59a6670878a8371a6
  subpackages:
  - googleapis/rpc/status
- name: google.golang.org/grpc
  version: f7bf885db0b7479a537ec317c6e48ce53145f3db
  subpackages:
  - balancer
  - codes
  - connectivity
  - credentials
  - grpclb/grpc_lb_v1/messages
  - grpclog
  - internal
  - keepalive
  - metadata
  - naming
  - peer
  - resolver
  - stats
  - status
  - tap
  - transport
- name: gopkg.in/fatih/set.v0
  version: 27c40922c40b43fe04554d8223a402af3ea333f3
- name: gopkg.in/go-playground/validator.v9
  version: 1304298bf10d085adec514b076772a79c9cadb6b
- name: gopkg.in/karalabe/cookiejar.v2
  version: 8dcd6a7f4951f6ff3ee9cbb919a06d8925822e57
  subpackages:
  - collections/prque
- name: gopkg.in/natefinch/npipe.v2
  version: c1b8fa8bdccecb0b8db834ee0b92fdbcfa606dd6
- name: gopkg.in/yaml.v2
  version: eb3733d160e74a9c7e442f435eb3bea458e1d19f
testImports:
- name: github.com/davecgh/go-spew
  version: 6d212800a42e8ab5c146b8ace3490ee17e5225f9
  subpackages:
  - spew
- name: github.com/pmezard/go-difflib
  version: d8ed2627bdf02c080bf22230dbb337003b7aba2d
  subpackages:
  - difflib
- name: github.com/stretchr/testify
  version: 69483b4bd14f5845b5a1e55bca19e954e827f1d0
  subpackages:
  - assert
  - require
